
Microsoft Visual Studio Solution File, Format Version 12.00
# Visual Studio Version 17
VisualStudioVersion = 17.0.32112.339
MinimumVisualStudioVersion = 10.0.40219.1
Project("{FAE04EC0-301F-11D3-BF4B-00C04F79EFBC}") = "YogaMockUp", "YogaMockUp.csproj", "{9CE5FE71-E635-40D8-AC77-C9A4144F0F0E}"
EndProject
Global
	GlobalSection(SolutionConfigurationPlatforms) = preSolution
		Debug|Any CPU = Debug|Any CPU
		Release|Any CPU = Release|Any CPU
	EndGlobalSection
	GlobalSection(ProjectConfigurationPlatforms) = postSolution
		{9CE5FE71-E635-40D8-AC77-C9A4144F0F0E}.Debug|Any CPU.ActiveCfg = Debug|Any CPU
		{9CE5FE71-E635-40D8-AC77-C9A4144F0F0E}.Debug|Any CPU.Build.0 = Debug|Any CPU
		{9CE5FE71-E635-40D8-AC77-C9A4144F0F0E}.Release|Any CPU.ActiveCfg = Release|Any CPU
		{9CE5FE71-E635-40D8-AC77-C9A4144F0F0E}.Release|Any CPU.Build.0 = Release|Any CPU
	EndGlobalSection
	GlobalSection(SolutionProperties) = preSolution
		HideSolutionNode = FALSE
	EndGlobalSection
	GlobalSection(ExtensibilityGlobals) = postSolution
		SolutionGuid = {6567D74B-49E8-4349-AB8E-20E03CEED088}
	EndGlobalSection
EndGlobal
